
Microsoft Visual Studio Solution File, Format Version 12.00
# Visual Studio Version 17
VisualStudioVersion = 17.2.32526.322
MinimumVisualStudioVersion = 10.0.40219.1
Project("{9A19103F-16F7-4668-BE54-9A1E7A4F7556}") = "fiitobot3", "fiitobot3\fiitobot3.csproj", "{6FC1E422-A7C9-45BA-B830-A68F5E8C4B95}"
EndProject
Project("{9A19103F-16F7-4668-BE54-9A1E7A4F7556}") = "admin", "admin\admin.csproj", "{C1809C2B-A310-4403-AD56-20AFF9D8C458}"
EndProject
Project("{9A19103F-16F7-4668-BE54-9A1E7A4F7556}") = "contacter", "contacter\contacter.csproj", "{5255785F-D295-4958-9F1A-02865A53878D}"
EndProject
Project("{9A19103F-16F7-4668-BE54-9A1E7A4F7556}") = "rank-granter", "rank-granter\rank-granter.csproj", "{A7133526-7041-4CF2-BEAE-F65FA03039A9}"
EndProject
Project("{9A19103F-16F7-4668-BE54-9A1E7A4F7556}") = "tests", "tests\tests.csproj", "{3219BC55-E093-450B-BED8-7645289FFE63}"
EndProject
Global
	GlobalSection(SolutionConfigurationPlatforms) = preSolution
		Debug|Any CPU = Debug|Any CPU
		Release|Any CPU = Release|Any CPU
	EndGlobalSection
	GlobalSection(ProjectConfigurationPlatforms) = postSolution
		{6FC1E422-A7C9-45BA-B830-A68F5E8C4B95}.Debug|Any CPU.ActiveCfg = Debug|Any CPU
		{6FC1E422-A7C9-45BA-B830-A68F5E8C4B95}.Debug|Any CPU.Build.0 = Debug|Any CPU
		{6FC1E422-A7C9-45BA-B830-A68F5E8C4B95}.Release|Any CPU.ActiveCfg = Release|Any CPU
		{6FC1E422-A7C9-45BA-B830-A68F5E8C4B95}.Release|Any CPU.Build.0 = Release|Any CPU
		{C1809C2B-A310-4403-AD56-20AFF9D8C458}.Debug|Any CPU.ActiveCfg = Debug|Any CPU
		{C1809C2B-A310-4403-AD56-20AFF9D8C458}.Debug|Any CPU.Build.0 = Debug|Any CPU
		{C1809C2B-A310-4403-AD56-20AFF9D8C458}.Release|Any CPU.ActiveCfg = Release|Any CPU
		{C1809C2B-A310-4403-AD56-20AFF9D8C458}.Release|Any CPU.Build.0 = Release|Any CPU
		{5255785F-D295-4958-9F1A-02865A53878D}.Debug|Any CPU.ActiveCfg = Debug|Any CPU
		{5255785F-D295-4958-9F1A-02865A53878D}.Debug|Any CPU.Build.0 = Debug|Any CPU
		{5255785F-D295-4958-9F1A-02865A53878D}.Release|Any CPU.ActiveCfg = Release|Any CPU
		{5255785F-D295-4958-9F1A-02865A53878D}.Release|Any CPU.Build.0 = Release|Any CPU
		{A7133526-7041-4CF2-BEAE-F65FA03039A9}.Debug|Any CPU.ActiveCfg = Debug|Any CPU
		{A7133526-7041-4CF2-BEAE-F65FA03039A9}.Debug|Any CPU.Build.0 = Debug|Any CPU
		{A7133526-7041-4CF2-BEAE-F65FA03039A9}.Release|Any CPU.ActiveCfg = Release|Any CPU
		{A7133526-7041-4CF2-BEAE-F65FA03039A9}.Release|Any CPU.Build.0 = Release|Any CPU
		{3219BC55-E093-450B-BED8-7645289FFE63}.Debug|Any CPU.ActiveCfg = Debug|Any CPU
		{3219BC55-E093-450B-BED8-7645289FFE63}.Debug|Any CPU.Build.0 = Debug|Any CPU
		{3219BC55-E093-450B-BED8-7645289FFE63}.Release|Any CPU.ActiveCfg = Release|Any CPU
		{3219BC55-E093-450B-BED8-7645289FFE63}.Release|Any CPU.Build.0 = Release|Any CPU
	EndGlobalSection
	GlobalSection(SolutionProperties) = preSolution
		HideSolutionNode = FALSE
	EndGlobalSection
	GlobalSection(ExtensibilityGlobals) = postSolution
		SolutionGuid = {387CF07C-4484-44FB-B3CF-3E9A788C6D91}
	EndGlobalSection
EndGlobal
